ViennaRNA==2.7.2 \
    --hash=sha256:c85a09270bda4ddb4aa07d2d373e135c4efac94253b121601bb733cfda22dc79 \
    --hash=sha256:b66567c43c1f3b6795a1c7ab46b7315f56bfed4097827d0df80e03ff5b8f0e29 \
    --hash=sha256:1e4132cbb35dc258cc97f2e1b7b83bd11712d539c4757dfb78445c38041e439c \
    --hash=sha256:68b0803568549256dadf7383e02ee98973433e6d4c59abebb6a27f278ba77c02